
Microsoft Visual Studio Solution File, Format Version 12.00
# Visual Studio Version 16
VisualStudioVersion = 16.0.32413.511
MinimumVisualStudioVersion = 10.0.40219.1
Project("{888888A0-9F3D-457C-B088-3A5042F75D52}") = "Python_laba_IB_5", "Python_laba_IB_5.pyproj", "{5A049C28-70F0-4390-AC9E-9EB497B79783}"
EndProject
Global
	GlobalSection(SolutionConfigurationPlatforms) = preSolution
		Debug|Any CPU = Debug|Any CPU
		Release|Any CPU = Release|Any CPU
	EndGlobalSection
	GlobalSection(ProjectConfigurationPlatforms) = postSolution
		{5A049C28-70F0-4390-AC9E-9EB497B79783}.Debug|Any CPU.ActiveCfg = Debug|Any CPU
		{5A049C28-70F0-4390-AC9E-9EB497B79783}.Release|Any CPU.ActiveCfg = Release|Any CPU
	EndGlobalSection
	GlobalSection(SolutionProperties) = preSolution
		HideSolutionNode = FALSE
	EndGlobalSection
	GlobalSection(ExtensibilityGlobals) = postSolution
		SolutionGuid = {EF7979CE-199C-47AC-8D23-E1B03BF699B5}
	EndGlobalSection
EndGlobal
